
Microsoft Visual Studio Solution File, Format Version 12.00
# Visual Studio 14
VisualStudioVersion = 14.0.23107.0
MinimumVisualStudioVersion = 10.0.40219.1
Project("{FAE04EC0-301F-11D3-BF4B-00C04F79EFBC}") = "Klinkby.Calendar", "Klinkby.Calendar\Klinkby.Calendar.csproj", "{F9609F2D-4FB6-427B-A848-312D69AC5D82}"
EndProject
Project("{FAE04EC0-301F-11D3-BF4B-00C04F79EFBC}") = "Klinkby.Calendar.Test", "Klinkby.Calendar.Test\Klinkby.Calendar.Test.csproj", "{BA753725-7E27-4DAB-93D7-C5525162B9CA}"
EndProject
Global
	GlobalSection(SolutionConfigurationPlatforms) = preSolution
		Debug|Any CPU = Debug|Any CPU
		Release|Any CPU = Release|Any CPU
	EndGlobalSection
	GlobalSection(ProjectConfigurationPlatforms) = postSolution
		{F9609F2D-4FB6-427B-A848-312D69AC5D82}.Debug|Any CPU.ActiveCfg = Debug|Any CPU
		{F9609F2D-4FB6-427B-A848-312D69AC5D82}.Debug|Any CPU.Build.0 = Debug|Any CPU
		{F9609F2D-4FB6-427B-A848-312D69AC5D82}.Release|Any CPU.ActiveCfg = Release|Any CPU
		{F9609F2D-4FB6-427B-A848-312D69AC5D82}.Release|Any CPU.Build.0 = Release|Any CPU
		{BA753725-7E27-4DAB-93D7-C5525162B9CA}.Debug|Any CPU.ActiveCfg = Debug|Any CPU
		{BA753725-7E27-4DAB-93D7-C5525162B9CA}.Debug|Any CPU.Build.0 = Debug|Any CPU
		{BA753725-7E27-4DAB-93D7-C5525162B9CA}.Release|Any CPU.ActiveCfg = Release|Any CPU
		{BA753725-7E27-4DAB-93D7-C5525162B9CA}.Release|Any CPU.Build.0 = Release|Any CPU
	EndGlobalSection
	GlobalSection(SolutionProperties) = preSolution
		HideSolutionNode = FALSE
	EndGlobalSection
EndGlobal
